
Microsoft Visual Studio Solution File, Format Version 12.00
# Visual Studio Version 16
VisualStudioVersion = 16.0.30523.141
MinimumVisualStudioVersion = 10.0.40219.1
Project("{2150E333-8FDC-42A3-9474-1A3956D46DE8}") = "Class Projects", "Class Projects", "{14F44948-180B-47E5-AEE3-0C933B787224}"
EndProject
Project("{FAE04EC0-301F-11D3-BF4B-00C04F79EFBC}") = "NorthEntityLibrary", "NorthEntityLibrary\NorthEntityLibrary.csproj", "{BD80C66B-6FFE-417F-8AFD-57D1680156B8}"
EndProject
Project("{2150E333-8FDC-42A3-9474-1A3956D46DE8}") = "User Interface projects", "User Interface projects", "{649735A4-F8E7-42C1-A8E7-04935A20BE65}"
EndProject
Project("{FAE04EC0-301F-11D3-BF4B-00C04F79EFBC}") = "NorthWindApplication", "NorthWindApplication\NorthWindApplication.csproj", "{381FFA0B-E270-4D49-9F46-52941C376B41}"
EndProject
Project("{FAE04EC0-301F-11D3-BF4B-00C04F79EFBC}") = "BindingListView", "BindingListView\BindingListView.csproj", "{75AF36A8-7797-4023-B183-5B63D448420A}"
EndProject
Global
	GlobalSection(SolutionConfigurationPlatforms) = preSolution
		Debug|Any CPU = Debug|Any CPU
		NormalDebug|Any CPU = NormalDebug|Any CPU
		Release|Any CPU = Release|Any CPU
	EndGlobalSection
	GlobalSection(ProjectConfigurationPlatforms) = postSolution
		{BD80C66B-6FFE-417F-8AFD-57D1680156B8}.Debug|Any CPU.ActiveCfg = Debug|Any CPU
		{BD80C66B-6FFE-417F-8AFD-57D1680156B8}.Debug|Any CPU.Build.0 = Debug|Any CPU
		{BD80C66B-6FFE-417F-8AFD-57D1680156B8}.NormalDebug|Any CPU.ActiveCfg = Debug|Any CPU
		{BD80C66B-6FFE-417F-8AFD-57D1680156B8}.NormalDebug|Any CPU.Build.0 = Debug|Any CPU
		{BD80C66B-6FFE-417F-8AFD-57D1680156B8}.Release|Any CPU.ActiveCfg = Release|Any CPU
		{BD80C66B-6FFE-417F-8AFD-57D1680156B8}.Release|Any CPU.Build.0 = Release|Any CPU
		{381FFA0B-E270-4D49-9F46-52941C376B41}.Debug|Any CPU.ActiveCfg = Debug|Any CPU
		{381FFA0B-E270-4D49-9F46-52941C376B41}.Debug|Any CPU.Build.0 = Debug|Any CPU
		{381FFA0B-E270-4D49-9F46-52941C376B41}.NormalDebug|Any CPU.ActiveCfg = Debug|Any CPU
		{381FFA0B-E270-4D49-9F46-52941C376B41}.NormalDebug|Any CPU.Build.0 = Debug|Any CPU
		{381FFA0B-E270-4D49-9F46-52941C376B41}.Release|Any CPU.ActiveCfg = Release|Any CPU
		{381FFA0B-E270-4D49-9F46-52941C376B41}.Release|Any CPU.Build.0 = Release|Any CPU
		{75AF36A8-7797-4023-B183-5B63D448420A}.Debug|Any CPU.ActiveCfg = Debug|Any CPU
		{75AF36A8-7797-4023-B183-5B63D448420A}.Debug|Any CPU.Build.0 = Debug|Any CPU
		{75AF36A8-7797-4023-B183-5B63D448420A}.NormalDebug|Any CPU.ActiveCfg = NormalDebug|Any CPU
		{75AF36A8-7797-4023-B183-5B63D448420A}.NormalDebug|Any CPU.Build.0 = NormalDebug|Any CPU
		{75AF36A8-7797-4023-B183-5B63D448420A}.Release|Any CPU.ActiveCfg = Release|Any CPU
		{75AF36A8-7797-4023-B183-5B63D448420A}.Release|Any CPU.Build.0 = Release|Any CPU
	EndGlobalSection
	GlobalSection(SolutionProperties) = preSolution
		HideSolutionNode = FALSE
	EndGlobalSection
	GlobalSection(NestedProjects) = preSolution
		{BD80C66B-6FFE-417F-8AFD-57D1680156B8} = {14F44948-180B-47E5-AEE3-0C933B787224}
		{381FFA0B-E270-4D49-9F46-52941C376B41} = {649735A4-F8E7-42C1-A8E7-04935A20BE65}
		{75AF36A8-7797-4023-B183-5B63D448420A} = {14F44948-180B-47E5-AEE3-0C933B787224}
	EndGlobalSection
	GlobalSection(ExtensibilityGlobals) = postSolution
		SolutionGuid = {0C62A258-8B51-4F2F-A40D-5B41F6FDAD86}
	EndGlobalSection
EndGlobal
